// !$*UTF8*$!
{
	archiveVersion = 1;
	classes = {
	};
	objectVersion = 50;
	objects = {

/* Begin PBXBuildFile section */
		D40640842314FEF7009E14A0 /* AppDelegate.swift in Sources */ = {isa = PBXBuildFile; fileRef = D40640832314FEF7009E14A0 /* AppDelegate.swift */; };
		D40640862314FEF7009E14A0 /* ViewController.swift in Sources */ = {isa = PBXBuildFile; fileRef = D40640852314FEF7009E14A0 /* ViewController.swift */; };
		D40640892314FEF7009E14A0 /* Main.storyboard in Resources */ = {isa = PBXBuildFile; fileRef = D40640872314FEF7009E14A0 /* Main.storyboard */; };
		D406408B2314FEF8009E14A0 /* Assets.xcassets in Resources */ = {isa = PBXBuildFile; fileRef = D406408A2314FEF8009E14A0 /* Assets.xcassets */; };
		D406408E2314FEF8009E14A0 /* LaunchScreen.storyboard in Resources */ = {isa = PBXBuildFile; fileRef = D406408C2314FEF8009E14A0 /* LaunchScreen.storyboard */; };
		D40640962315030A009E14A0 /* MenuCollectionViewCell.swift in Sources */ = {isa = PBXBuildFile; fileRef = D40640952315030A009E14A0 /* MenuCollectionViewCell.swift */; };
		D40640CC23161F04009E14A0 /* ContentPageViewController.swift in Sources */ = {isa = PBXBuildFile; fileRef = D40640CA23161F04009E14A0 /* ContentPageViewController.swift */; };
		D40640CD23161F04009E14A0 /* Content.swift in Sources */ = {isa = PBXBuildFile; fileRef = D40640CB23161F04009E14A0 /* Content.swift */; };
/* End PBXBuildFile section */

/* Begin PBXFileReference section */
		D40640802314FEF7009E14A0 /* Paging.app */ = {isa = PBXFileReference; explicitFileType = wrapper.application; includeInIndex = 0; path = Paging.app; sourceTree = BUILT_PRODUCTS_DIR; };
		D40640832314FEF7009E14A0 /* AppDelegate.swift */ = {isa = PBXFileReference; lastKnownFileType = sourcecode.swift; path = AppDelegate.swift; sourceTree = "<group>"; };
		D40640852314FEF7009E14A0 /* ViewController.swift */ = {isa = PBXFileReference; lastKnownFileType = sourcecode.swift; path = ViewController.swift; sourceTree = "<group>"; };
		D40640882314FEF7009E14A0 /* Base */ = {isa = PBXFileReference; lastKnownFileType = file.storyboard; name = Base; path = Base.lproj/Main.storyboard; sourceTree = "<group>"; };
		D406408A2314FEF8009E14A0 /* Assets.xcassets */ = {isa = PBXFileReference; lastKnownFileType = folder.assetcatalog; path = Assets.xcassets; sourceTree = "<group>"; };
		D406408D2314FEF8009E14A0 /* Base */ = {isa = PBXFileReference; lastKnownFileType = file.storyboard; name = Base; path = Base.lproj/LaunchScreen.storyboard; sourceTree = "<group>"; };
		D406408F2314FEF8009E14A0 /* Info.plist */ = {isa = PBXFileReference; lastKnownFileType = text.plist.xml; path = Info.plist; sourceTree = "<group>"; };
		D40640952315030A009E14A0 /* MenuCollectionViewCell.swift */ = {isa = PBXFileReference; lastKnownFileType = sourcecode.swift; path = MenuCollectionViewCell.swift; sourceTree = "<group>"; };
		D40640CA23161F04009E14A0 /* ContentPageViewController.swift */ = {isa = PBXFileReference; fileEncoding = 4; lastKnownFileType = sourcecode.swift; path = ContentPageViewController.swift; sourceTree = "<group>"; };
		D40640CB23161F04009E14A0 /* Content.swift */ = {isa = PBXFileReference; fileEncoding = 4; lastKnownFileType = sourcecode.swift; path = Content.swift; sourceTree = "<group>"; };
/* End PBXFileReference section */

/* Begin PBXFrameworksBuildPhase section */
		D406407D2314FEF7009E14A0 /* Frameworks */ = {
			isa = PBXFrameworksBuildPhase;
			buildActionMask = 2147483647;
			files = (
			);
			runOnlyForDeploymentPostprocessing = 0;
		};
/* End PBXFrameworksBuildPhase section */

/* Begin PBXGroup section */
		D40640772314FEF7009E14A0 = {
			isa = PBXGroup;
			children = (
				D40640822314FEF7009E14A0 /* Paging */,
				D40640812314FEF7009E14A0 /* Products */,
			);
			sourceTree = "<group>";
		};
		D40640812314FEF7009E14A0 /* Products */ = {
			isa = PBXGroup;
			children = (
				D40640802314FEF7009E14A0 /* Paging.app */,
			);
			name = Products;
			sourceTree = "<group>";
		};
		D40640822314FEF7009E14A0 /* Paging */ = {
			isa = PBXGroup;
			children = (
				D40640852314FEF7009E14A0 /* ViewController.swift */,
				D40640872314FEF7009E14A0 /* Main.storyboard */,
				D40640952315030A009E14A0 /* MenuCollectionViewCell.swift */,
				D40640CE23161F09009E14A0 /* Content */,
				D40640832314FEF7009E14A0 /* AppDelegate.swift */,
				D406408A2314FEF8009E14A0 /* Assets.xcassets */,
				D406408C2314FEF8009E14A0 /* LaunchScreen.storyboard */,
				D406408F2314FEF8009E14A0 /* Info.plist */,
			);
			path = Paging;
			sourceTree = "<group>";
		};
		D40640CE23161F09009E14A0 /* Content */ = {
			isa = PBXGroup;
			children = (
				D40640CB23161F04009E14A0 /* Content.swift */,
				D40640CA23161F04009E14A0 /* ContentPageViewController.swift */,
			);
			path = Content;
			sourceTree = "<group>";
		};
/* End PBXGroup section */

/* Begin PBXNativeTarget section */
		D406407F2314FEF7009E14A0 /* Paging */ = {
			isa = PBXNativeTarget;
			buildConfigurationList = D40640922314FEF8009E14A0 /* Build configuration list for PBXNativeTarget "Paging" */;
			buildPhases = (
				D406407C2314FEF7009E14A0 /* Sources */,
				D406407D2314FEF7009E14A0 /* Frameworks */,
				D406407E2314FEF7009E14A0 /* Resources */,
			);
			buildRules = (
			);
			dependencies = (
			);
			name = Paging;
			productName = Detail;
			productReference = D40640802314FEF7009E14A0 /* Paging.app */;
			productType = "com.apple.product-type.application";
		};
/* End PBXNativeTarget section */

/* Begin PBXProject section */
		D40640782314FEF7009E14A0 /* Project object */ = {
			isa = PBXProject;
			attributes = {
				LastSwiftUpdateCheck = 1030;
				LastUpgradeCheck = 1030;
				ORGANIZATIONNAME = "TGI Technology";
				TargetAttributes = {
					D406407F2314FEF7009E14A0 = {
						CreatedOnToolsVersion = 10.3;
					};
				};
			};
			buildConfigurationList = D406407B2314FEF7009E14A0 /* Build configuration list for PBXProject "Paging" */;
			compatibilityVersion = "Xcode 9.3";
			developmentRegion = en;
			hasScannedForEncodings = 0;
			knownRegions = (
				en,
				Base,
			);
			mainGroup = D40640772314FEF7009E14A0;
			productRefGroup = D40640812314FEF7009E14A0 /* Products */;
			projectDirPath = "";
			projectRoot = "";
			targets = (
				D406407F2314FEF7009E14A0 /* Paging */,
			);
		};
/* End PBXProject section */

/* Begin PBXResourcesBuildPhase section */
		D406407E2314FEF7009E14A0 /* Resources */ = {
			isa = PBXResourcesBuildPhase;
			buildActionMask = 2147483647;
			files = (
				D406408E2314FEF8009E14A0 /* LaunchScreen.storyboard in Resources */,
				D406408B2314FEF8009E14A0 /* Assets.xcassets in Resources */,
				D40640892314FEF7009E14A0 /* Main.storyboard in Resources */,
			);
			runOnlyForDeploymentPostprocessing = 0;
		};
/* End PBXResourcesBuildPhase section */

/* Begin PBXSourcesBuildPhase section */
		D406407C2314FEF7009E14A0 /* Sources */ = {
			isa = PBXSourcesBuildPhase;
			buildActionMask = 2147483647;
			files = (
				D40640CC23161F04009E14A0 /* ContentPageViewController.swift in Sources */,
				D40640862314FEF7009E14A0 /* ViewController.swift in Sources */,
				D40640842314FEF7009E14A0 /* AppDelegate.swift in Sources */,
				D40640962315030A009E14A0 /* MenuCollectionViewCell.swift in Sources */,
				D40640CD23161F04009E14A0 /* Content.swift in Sources */,
			);
			runOnlyForDeploymentPostprocessing = 0;
		};
/* End PBXSourcesBuildPhase section */

/* Begin PBXVariantGroup section */
		D40640872314FEF7009E14A0 /* Main.storyboard */ = {
			isa = PBXVariantGroup;
			children = (
				D40640882314FEF7009E14A0 /* Base */,
			);
			name = Main.storyboard;
			sourceTree = "<group>";
		};
		D406408C2314FEF8009E14A0 /* LaunchScreen.storyboard */ = {
			isa = PBXVariantGroup;
			children = (
				D406408D2314FEF8009E14A0 /* Base */,
			);
			name = LaunchScreen.storyboard;
			sourceTree = "<group>";
		};
/* End PBXVariantGroup section */

/* Begin XCBuildConfiguration section */
		D40640902314FEF8009E14A0 /* Debug */ = {
			isa = XCBuildConfiguration;
			buildSettings = {
				ALWAYS_SEARCH_USER_PATHS = NO;
				CLANG_ANALYZER_NONNULL = YES;
				CLANG_ANALYZER_NUMBER_OBJECT_CONVERSION = YES_AGGRESSIVE;
				CLANG_CXX_LANGUAGE_STANDARD = "gnu++14";
				CLANG_CXX_LIBRARY = "libc++";
				CLANG_ENABLE_MODULES = YES;
				CLANG_ENABLE_OBJC_ARC = YES;
				CLANG_ENABLE_OBJC_WEAK = YES;
				CLANG_WARN_BLOCK_CAPTURE_AUTORELEASING = YES;
				CLANG_WARN_BOOL_CONVERSION = YES;
				CLANG_WARN_COMMA = YES;
				CLANG_WARN_CONSTANT_CONVERSION = YES;
				CLANG_WARN_DEPRECATED_OBJC_IMPLEMENTATIONS = YES;
				CLANG_WARN_DIRECT_OBJC_ISA_USAGE = YES_ERROR;
				CLANG_WARN_DOCUMENTATION_COMMENTS = YES;
				CLANG_WARN_EMPTY_BODY = YES;
				CLANG_WARN_ENUM_CONVERSION = YES;
				CLANG_WARN_INFINITE_RECURSION = YES;
				CLANG_WARN_INT_CONVERSION = YES;
				CLANG_WARN_NON_LITERAL_NULL_CONVERSION = YES;
				CLANG_WARN_OBJC_IMPLICIT_RETAIN_SELF = YES;
				CLANG_WARN_OBJC_LITERAL_CONVERSION = YES;
				CLANG_WARN_OBJC_ROOT_CLASS = YES_ERROR;
				CLANG_WARN_RANGE_LOOP_ANALYSIS = YES;
				CLANG_WARN_STRICT_PROTOTYPES = YES;
				CLANG_WARN_SUSPICIOUS_MOVE = YES;
				CLANG_WARN_UNGUARDED_AVAILABILITY = YES_AGGRESSIVE;
				CLANG_WARN_UNREACHABLE_CODE = YES;
				CLANG_WARN__DUPLICATE_METHOD_MATCH = YES;
				CODE_SIGN_IDENTITY = "iPhone Developer";
				COPY_PHASE_STRIP = NO;
				DEBUG_INFORMATION_FORMAT = dwarf;
				ENABLE_STRICT_OBJC_MSGSEND = YES;
				ENABLE_TESTABILITY = YES;
				GCC_C_LANGUAGE_STANDARD = gnu11;
				GCC_DYNAMIC_NO_PIC = NO;
				GCC_NO_COMMON_BLOCKS = YES;
				GCC_OPTIMIZATION_LEVEL = 0;
				GCC_PREPROCESSOR_DEFINITIONS = (
					"DEBUG=1",
					"$(inherited)",
				);
				GCC_WARN_64_TO_32_BIT_CONVERSION = YES;
				GCC_WARN_ABOUT_RETURN_TYPE = YES_ERROR;
				GCC_WARN_UNDECLARED_SELECTOR = YES;
				GCC_WARN_UNINITIALIZED_AUTOS = YES_AGGRESSIVE;
				GCC_WARN_UNUSED_FUNCTION = YES;
				GCC_WARN_UNUSED_VARIABLE = YES;
				IPHONEOS_DEPLOYMENT_TARGET = 12.4;
				MTL_ENABLE_DEBUG_INFO = INCLUDE_SOURCE;
				MTL_FAST_MATH = YES;
				ONLY_ACTIVE_ARCH = YES;
				SDKROOT = iphoneos;
				SWIFT_ACTIVE_COMPILATION_CONDITIONS = DEBUG;
				SWIFT_OPTIMIZATION_LEVEL = "-Onone";
			};
			name = Debug;
		};
		D40640912314FEF8009E14A0 /* Release */ = {
			isa = XCBuildConfiguration;
			buildSettings = {
				ALWAYS_SEARCH_USER_PATHS = NO;
				CLANG_ANALYZER_NONNULL = YES;
				CLANG_ANALYZER_NUMBER_OBJECT_CONVERSION = YES_AGGRESSIVE;
				CLANG_CXX_LANGUAGE_STANDARD = "gnu++14";
				CLANG_CXX_LIBRARY = "libc++";
				CLANG_ENABLE_MODULES = YES;
				CLANG_ENABLE_OBJC_ARC = YES;
				CLANG_ENABLE_OBJC_WEAK = YES;
				CLANG_WARN_BLOCK_CAPTURE_AUTORELEASING = YES;
				CLANG_WARN_BOOL_CONVERSION = YES;
				CLANG_WARN_COMMA = YES;
				CLANG_WARN_CONSTANT_CONVERSION = YES;
				CLANG_WARN_DEPRECATED_OBJC_IMPLEMENTATIONS = YES;
				CLANG_WARN_DIRECT_OBJC_ISA_USAGE = YES_ERROR;
				CLANG_WARN_DOCUMENTATION_COMMENTS = YES;
				CLANG_WARN_EMPTY_BODY = YES;
				CLANG_WARN_ENUM_CONVERSION = YES;
				CLANG_WARN_INFINITE_RECURSION = YES;
				CLANG_WARN_INT_CONVERSION = YES;
				CLANG_WARN_NON_LITERAL_NULL_CONVERSION = YES;
				CLANG_WARN_OBJC_IMPLICIT_RETAIN_SELF = YES;
				CLANG_WARN_OBJC_LITERAL_CONVERSION = YES;
				CLANG_WARN_OBJC_ROOT_CLASS = YES_ERROR;
				CLANG_WARN_RANGE_LOOP_ANALYSIS = YES;
				CLANG_WARN_STRICT_PROTOTYPES = YES;
				CLANG_WARN_SUSPICIOUS_MOVE = YES;
				CLANG_WARN_UNGUARDED_AVAILABILITY = YES_AGGRESSIVE;
				CLANG_WARN_UNREACHABLE_CODE = YES;
				CLANG_WARN__DUPLICATE_METHOD_MATCH = YES;
				CODE_SIGN_IDENTITY = "iPhone Developer";
				COPY_PHASE_STRIP = NO;
				DEBUG_INFORMATION_FORMAT = "dwarf-with-dsym";
				ENABLE_NS_ASSERTIONS = NO;
				ENABLE_STRICT_OBJC_MSGSEND = YES;
				GCC_C_LANGUAGE_STANDARD = gnu11;
				GCC_NO_COMMON_BLOCKS = YES;
				GCC_WARN_64_TO_32_BIT_CONVERSION = YES;
				GCC_WARN_ABOUT_RETURN_TYPE = YES_ERROR;
				GCC_WARN_UNDECLARED_SELECTOR = YES;
				GCC_WARN_UNINITIALIZED_AUTOS = YES_AGGRESSIVE;
				GCC_WARN_UNUSED_FUNCTION = YES;
				GCC_WARN_UNUSED_VARIABLE = YES;
				IPHONEOS_DEPLOYMENT_TARGET = 12.4;
				MTL_ENABLE_DEBUG_INFO = NO;
				MTL_FAST_MATH = YES;
				SDKROOT = iphoneos;
				SWIFT_COMPILATION_MODE = wholemodule;
				SWIFT_OPTIMIZATION_LEVEL = "-O";
				VALIDATE_PRODUCT = YES;
			};
			name = Release;
		};
		D40640932314FEF8009E14A0 /* Debug */ = {
			isa = XCBuildConfiguration;
			buildSettings = {
				ASSETCATALOG_COMPILER_APPICON_NAME = AppIcon;
				CODE_SIGN_STYLE = Automatic;
				DEVELOPMENT_TEAM = 5FHURKJ96D;
				INFOPLIST_FILE = Paging/Info.plist;
				LD_RUNPATH_SEARCH_PATHS = (
					"$(inherited)",
					"@executable_path/Frameworks",
				);
				PRODUCT_BUNDLE_IDENTIFIER = com.tgitech.Detail;
				PRODUCT_NAME = "$(TARGET_NAME)";
				SWIFT_VERSION = 5.0;
				TARGETED_DEVICE_FAMILY = "1,2";
			};
			name = Debug;
		};
		D40640942314FEF8009E14A0 /* Release */ = {
			isa = XCBuildConfiguration;
			buildSettings = {
				ASSETCATALOG_COMPILER_APPICON_NAME = AppIcon;
				CODE_SIGN_STYLE = Automatic;
				DEVELOPMENT_TEAM = 5FHURKJ96D;
				INFOPLIST_FILE = Paging/Info.plist;
				LD_RUNPATH_SEARCH_PATHS = (
					"$(inherited)",
					"@executable_path/Frameworks",
				);
				PRODUCT_BUNDLE_IDENTIFIER = com.tgitech.Detail;
				PRODUCT_NAME = "$(TARGET_NAME)";
				SWIFT_VERSION = 5.0;
				TARGETED_DEVICE_FAMILY = "1,2";
			};
			name = Release;
		};
/* End XCBuildConfiguration section */

/* Begin XCConfigurationList section */
		D406407B2314FEF7009E14A0 /* Build configuration list for PBXProject "Paging" */ = {
			isa = XCConfigurationList;
			buildConfigurations = (
				D40640902314FEF8009E14A0 /* Debug */,
				D40640912314FEF8009E14A0 /* Release */,
			);
			defaultConfigurationIsVisible = 0;
			defaultConfigurationName = Release;
		};
		D40640922314FEF8009E14A0 /* Build configuration list for PBXNativeTarget "Paging" */ = {
			isa = XCConfigurationList;
			buildConfigurations = (
				D40640932314FEF8009E14A0 /* Debug */,
				D40640942314FEF8009E14A0 /* Release */,
			);
			defaultConfigurationIsVisible = 0;
			defaultConfigurationName = Release;
		};
/* End XCConfigurationList section */
	};
	rootObject = D40640782314FEF7009E14A0 /* Project object */;
}
